
Microsoft Visual Studio Solution File, Format Version 12.00
# Visual Studio 2013
VisualStudioVersion = 12.0.21005.1
MinimumVisualStudioVersion = 10.0.40219.1
Project("{FAE04EC0-301F-11D3-BF4B-00C04F79EFBC}") = "MessageLogger", "MessageLogger\MessageLogger.csproj", "{2F40B67E-DDB8-4401-86F4-0EB27738112B}"
EndProject
Project("{FAE04EC0-301F-11D3-BF4B-00C04F79EFBC}") = "MessageLoggerExecutor", "LoggerExecutor\MessageLoggerExecutor.csproj", "{FE188F4F-BF01-493A-A6F7-330CCB8A3751}"
EndProject
Project("{FAE04EC0-301F-11D3-BF4B-00C04F79EFBC}") = "MessageLoggerUserInterface", "MessageLoggerUserInterface\MessageLoggerUserInterface.csproj", "{4450372A-BDAB-4DFF-A18E-E628131E40C0}"
EndProject
Global
	GlobalSection(SolutionConfigurationPlatforms) = preSolution
		Debug|Any CPU = Debug|Any CPU
		Release|Any CPU = Release|Any CPU
	EndGlobalSection
	GlobalSection(ProjectConfigurationPlatforms) = postSolution
		{2F40B67E-DDB8-4401-86F4-0EB27738112B}.Debug|Any CPU.ActiveCfg = Debug|Any CPU
		{2F40B67E-DDB8-4401-86F4-0EB27738112B}.Debug|Any CPU.Build.0 = Debug|Any CPU
		{2F40B67E-DDB8-4401-86F4-0EB27738112B}.Release|Any CPU.ActiveCfg = Release|Any CPU
		{2F40B67E-DDB8-4401-86F4-0EB27738112B}.Release|Any CPU.Build.0 = Release|Any CPU
		{FE188F4F-BF01-493A-A6F7-330CCB8A3751}.Debug|Any CPU.ActiveCfg = Debug|Any CPU
		{FE188F4F-BF01-493A-A6F7-330CCB8A3751}.Debug|Any CPU.Build.0 = Debug|Any CPU
		{FE188F4F-BF01-493A-A6F7-330CCB8A3751}.Release|Any CPU.ActiveCfg = Release|Any CPU
		{FE188F4F-BF01-493A-A6F7-330CCB8A3751}.Release|Any CPU.Build.0 = Release|Any CPU
		{4450372A-BDAB-4DFF-A18E-E628131E40C0}.Debug|Any CPU.ActiveCfg = Debug|Any CPU
		{4450372A-BDAB-4DFF-A18E-E628131E40C0}.Debug|Any CPU.Build.0 = Debug|Any CPU
		{4450372A-BDAB-4DFF-A18E-E628131E40C0}.Release|Any CPU.ActiveCfg = Release|Any CPU
		{4450372A-BDAB-4DFF-A18E-E628131E40C0}.Release|Any CPU.Build.0 = Release|Any CPU
	EndGlobalSection
	GlobalSection(SolutionProperties) = preSolution
		HideSolutionNode = FALSE
	EndGlobalSection
EndGlobal
